// !$*UTF8*$!
{
	archiveVersion = 1;
	classes = {
	};
	objectVersion = 50;
	objects = {

/* Begin PBXBuildFile section */
		4346BEC123DA456500F6300D /* dragonEntClass.swift in Sources */ = {isa = PBXBuildFile; fileRef = 4346BEC023DA456500F6300D /* dragonEntClass.swift */; };
		4351F38C23DB9B6F002A48A9 /* PigEntClass.swift in Sources */ = {isa = PBXBuildFile; fileRef = 4351F38B23DB9B6F002A48A9 /* PigEntClass.swift */; };
		4388593123E3800D0048F4DB /* MonkeyEntClass.swift in Sources */ = {isa = PBXBuildFile; fileRef = 4388593023E3800D0048F4DB /* MonkeyEntClass.swift */; };
		4454C2E623E2176F00473804 /* DogEntClass.swift in Sources */ = {isa = PBXBuildFile; fileRef = 4454C2E523E2176F00473804 /* DogEntClass.swift */; };
		44B8DBBA23DA2D30002BA761 /* SnakeEntClass.swift in Sources */ = {isa = PBXBuildFile; fileRef = 44B8DBB923DA2D30002BA761 /* SnakeEntClass.swift */; };
		44C697A223DF768B004CCE49 /* PlayerClass.swift in Sources */ = {isa = PBXBuildFile; fileRef = 44C697A123DF768B004CCE49 /* PlayerClass.swift */; };
		44F62E7423DA451B004C8469 /* SwordsOfLightningTalentClass.swift in Sources */ = {isa = PBXBuildFile; fileRef = 44F62E7323DA451B004C8469 /* SwordsOfLightningTalentClass.swift */; };
		4C45B38E23E22FBF005C778E /* AngerIssuesTalentClass.swift in Sources */ = {isa = PBXBuildFile; fileRef = 4C45B38D23E22FBF005C778E /* AngerIssuesTalentClass.swift */; };
		4C45B39023E23160005C778E /* GhostDodgeEmitter.sks in Resources */ = {isa = PBXBuildFile; fileRef = 4C45B38F23E23160005C778E /* GhostDodgeEmitter.sks */; };
		4CA2857A23DF8BC400A72268 /* GhostDodgeTalent.swift in Sources */ = {isa = PBXBuildFile; fileRef = 4CA2857923DF8BC400A72268 /* GhostDodgeTalent.swift */; };
		F431F07D23DBD16D00EBD905 /* TalentList.swift in Sources */ = {isa = PBXBuildFile; fileRef = F431F07C23DBD16D00EBD905 /* TalentList.swift */; };
		F451541B23E314E900B5D04C /* To Do.rtf in Resources */ = {isa = PBXBuildFile; fileRef = F451541A23E314E900B5D04C /* To Do.rtf */; };
		F45F4AC623ABDD080020333B /* BodyBitMasks.swift in Sources */ = {isa = PBXBuildFile; fileRef = F45F4AC523ABDD080020333B /* BodyBitMasks.swift */; };
		F45F4AC923ABE9ED0020333B /* Keyboard Commands.rtf in Resources */ = {isa = PBXBuildFile; fileRef = F45F4AC823ABE9ED0020333B /* Keyboard Commands.rtf */; };
		F45F4ACB23B2A6660020333B /* DashTalentClass.swift in Sources */ = {isa = PBXBuildFile; fileRef = F45F4ACA23B2A6660020333B /* DashTalentClass.swift */; };
		F45F4B1C23B64F5B0020333B /* MapClass.swift in Sources */ = {isa = PBXBuildFile; fileRef = F45F4B1B23B64F5B0020333B /* MapClass.swift */; };
		F45F4B1E23B652ED0020333B /* SmokeBG.sks in Resources */ = {isa = PBXBuildFile; fileRef = F45F4B1D23B652ED0020333B /* SmokeBG.sks */; };
		F46BF48923D264AB005C29EB /* FloatingTextClass.swift in Sources */ = {isa = PBXBuildFile; fileRef = F46BF48823D264AB005C29EB /* FloatingTextClass.swift */; };
		F46BF48B23D772A4005C29EB /* TestEntClass.swift in Sources */ = {isa = PBXBuildFile; fileRef = F46BF48A23D772A4005C29EB /* TestEntClass.swift */; };
		F46BF48D23D8C9CD005C29EB /* SuffixClass.swift in Sources */ = {isa = PBXBuildFile; fileRef = F46BF48C23D8C9CD005C29EB /* SuffixClass.swift */; };
		F46BF48F23D8CA31005C29EB /* InventoryInit.swift in Sources */ = {isa = PBXBuildFile; fileRef = F46BF48E23D8CA31005C29EB /* InventoryInit.swift */; };
		F46BF49123D9FAA9005C29EB /* MeleeAttackClass.swift in Sources */ = {isa = PBXBuildFile; fileRef = F46BF49023D9FAA9005C29EB /* MeleeAttackClass.swift */; };
		F46BF49323DF3974005C29EB /* InventoryColors.swift in Sources */ = {isa = PBXBuildFile; fileRef = F46BF49223DF3974005C29EB /* InventoryColors.swift */; };
		F46BF49523DF3A01005C29EB /* SuffixEffects.swift in Sources */ = {isa = PBXBuildFile; fileRef = F46BF49423DF3A01005C29EB /* SuffixEffects.swift */; };
		F46BF49723DF4100005C29EB /* BaseInvTypesClass.swift in Sources */ = {isa = PBXBuildFile; fileRef = F46BF49623DF4100005C29EB /* BaseInvTypesClass.swift */; };
		F482DF06239744050063CF84 /* AppDelegate.swift in Sources */ = {isa = PBXBuildFile; fileRef = F482DF05239744050063CF84 /* AppDelegate.swift */; };
		F482DF08239744050063CF84 /* GameScene.sks in Resources */ = {isa = PBXBuildFile; fileRef = F482DF07239744050063CF84 /* GameScene.sks */; };
		F482DF0C239744050063CF84 /* GameScene.swift in Sources */ = {isa = PBXBuildFile; fileRef = F482DF0B239744050063CF84 /* GameScene.swift */; };
		F482DF0E239744050063CF84 /* ViewController.swift in Sources */ = {isa = PBXBuildFile; fileRef = F482DF0D239744050063CF84 /* ViewController.swift */; };
		F482DF10239744070063CF84 /* Assets.xcassets in Resources */ = {isa = PBXBuildFile; fileRef = F482DF0F239744070063CF84 /* Assets.xcassets */; };
		F482DF13239744070063CF84 /* Main.storyboard in Resources */ = {isa = PBXBuildFile; fileRef = F482DF11239744070063CF84 /* Main.storyboard */; };
		F482DF1F239744D50063CF84 /* GameClass.swift in Sources */ = {isa = PBXBuildFile; fileRef = F482DF1E239744D50063CF84 /* GameClass.swift */; };
		F482DF23239745070063CF84 /* EntityClass.swift in Sources */ = {isa = PBXBuildFile; fileRef = F482DF22239745070063CF84 /* EntityClass.swift */; };
		F482DF26239749550063CF84 /* random.swift in Sources */ = {isa = PBXBuildFile; fileRef = F482DF25239749550063CF84 /* random.swift */; };
		F497A28523E1D88200E4B248 /* FIreBreathTalentClass.swift in Sources */ = {isa = PBXBuildFile; fileRef = F497A28423E1D88200E4B248 /* FIreBreathTalentClass.swift */; };
		F497A28723E1D96C00E4B248 /* FireBreathTalentEmitter.sks in Resources */ = {isa = PBXBuildFile; fileRef = F497A28623E1D96C00E4B248 /* FireBreathTalentEmitter.sks */; };
		F497A28A23E2196900E4B248 /* TalentBranchList.swift in Sources */ = {isa = PBXBuildFile; fileRef = F497A28923E2196900E4B248 /* TalentBranchList.swift */; };
		F497A28C23E21D8400E4B248 /* EnemyMeleeClass.swift in Sources */ = {isa = PBXBuildFile; fileRef = F497A28B23E21D8400E4B248 /* EnemyMeleeClass.swift */; };
		F4AC645423982D5A00C64D2E /* BaseInventoryClass.swift in Sources */ = {isa = PBXBuildFile; fileRef = F4AC645323982D5A00C64D2E /* BaseInventoryClass.swift */; };
		F4AC645623982E2200C64D2E /* States.swift in Sources */ = {isa = PBXBuildFile; fileRef = F4AC645523982E2200C64D2E /* States.swift */; };
		F4AC645F239FF6A500C64D2E /* PlayerTalentClass.swift in Sources */ = {isa = PBXBuildFile; fileRef = F4AC645E239FF6A500C64D2E /* PlayerTalentClass.swift */; };
		F4AC6461239FF6B800C64D2E /* EnemySkillClass.swift in Sources */ = {isa = PBXBuildFile; fileRef = F4AC6460239FF6B800C64D2E /* EnemySkillClass.swift */; };
		F4AC6463239FF70B00C64D2E /* InventorySlots.swift in Sources */ = {isa = PBXBuildFile; fileRef = F4AC6462239FF70B00C64D2E /* InventorySlots.swift */; };
		F4AC6465239FF7A300C64D2E /* PrefixClass.swift in Sources */ = {isa = PBXBuildFile; fileRef = F4AC6464239FF7A300C64D2E /* PrefixClass.swift */; };
		F4AC646723A00CDD00C64D2E /* SpecialStatus.swift in Sources */ = {isa = PBXBuildFile; fileRef = F4AC646623A00CDD00C64D2E /* SpecialStatus.swift */; };
		F4AC646B23A03DF200C64D2E /* FireSplode.sks in Resources */ = {isa = PBXBuildFile; fileRef = F4AC646923A03DF200C64D2E /* FireSplode.sks */; };
		F4AC646C23A03DF200C64D2E /* Assets.xcassets in Resources */ = {isa = PBXBuildFile; fileRef = F4AC646A23A03DF200C64D2E /* Assets.xcassets */; };
/* End PBXBuildFile section */

/* Begin PBXFileReference section */
		4346BEC023DA456500F6300D /* dragonEntClass.swift */ = {isa = PBXFileReference; lastKnownFileType = sourcecode.swift; path = dragonEntClass.swift; sourceTree = "<group>"; };
		4351F38B23DB9B6F002A48A9 /* PigEntClass.swift */ = {isa = PBXFileReference; lastKnownFileType = sourcecode.swift; path = PigEntClass.swift; sourceTree = "<group>"; };
		4388593023E3800D0048F4DB /* MonkeyEntClass.swift */ = {isa = PBXFileReference; fileEncoding = 4; lastKnownFileType = sourcecode.swift; name = MonkeyEntClass.swift; path = ../../../../MonkeyEntClass.swift; sourceTree = "<group>"; };
		4454C2E523E2176F00473804 /* DogEntClass.swift */ = {isa = PBXFileReference; lastKnownFileType = sourcecode.swift; path = DogEntClass.swift; sourceTree = "<group>"; };
		44B8DBB923DA2D30002BA761 /* SnakeEntClass.swift */ = {isa = PBXFileReference; lastKnownFileType = sourcecode.swift; path = SnakeEntClass.swift; sourceTree = "<group>"; };
		44C697A123DF768B004CCE49 /* PlayerClass.swift */ = {isa = PBXFileReference; fileEncoding = 4; lastKnownFileType = sourcecode.swift; path = PlayerClass.swift; sourceTree = "<group>"; };
		44F62E7323DA451B004C8469 /* SwordsOfLightningTalentClass.swift */ = {isa = PBXFileReference; lastKnownFileType = sourcecode.swift; path = SwordsOfLightningTalentClass.swift; sourceTree = "<group>"; };
		4C45B38D23E22FBF005C778E /* AngerIssuesTalentClass.swift */ = {isa = PBXFileReference; fileEncoding = 4; lastKnownFileType = sourcecode.swift; path = AngerIssuesTalentClass.swift; sourceTree = "<group>"; };
		4C45B38F23E23160005C778E /* GhostDodgeEmitter.sks */ = {isa = PBXFileReference; lastKnownFileType = file.sks; path = GhostDodgeEmitter.sks; sourceTree = "<group>"; };
		4CA2857923DF8BC400A72268 /* GhostDodgeTalent.swift */ = {isa = PBXFileReference; lastKnownFileType = sourcecode.swift; path = GhostDodgeTalent.swift; sourceTree = "<group>"; };
		F431F07C23DBD16D00EBD905 /* TalentList.swift */ = {isa = PBXFileReference; lastKnownFileType = sourcecode.swift; path = TalentList.swift; sourceTree = "<group>"; };
		F451541A23E314E900B5D04C /* To Do.rtf */ = {isa = PBXFileReference; lastKnownFileType = text.rtf; path = "To Do.rtf"; sourceTree = "<group>"; };
		F45F4AC523ABDD080020333B /* BodyBitMasks.swift */ = {isa = PBXFileReference; lastKnownFileType = sourcecode.swift; path = BodyBitMasks.swift; sourceTree = "<group>"; };
		F45F4AC823ABE9ED0020333B /* Keyboard Commands.rtf */ = {isa = PBXFileReference; lastKnownFileType = text.rtf; path = "Keyboard Commands.rtf"; sourceTree = "<group>"; };
		F45F4ACA23B2A6660020333B /* DashTalentClass.swift */ = {isa = PBXFileReference; lastKnownFileType = sourcecode.swift; path = DashTalentClass.swift; sourceTree = "<group>"; };
		F45F4B1B23B64F5B0020333B /* MapClass.swift */ = {isa = PBXFileReference; fileEncoding = 4; lastKnownFileType = sourcecode.swift; path = MapClass.swift; sourceTree = "<group>"; };
		F45F4B1D23B652ED0020333B /* SmokeBG.sks */ = {isa = PBXFileReference; lastKnownFileType = file.sks; path = SmokeBG.sks; sourceTree = "<group>"; };
		F46BF48823D264AB005C29EB /* FloatingTextClass.swift */ = {isa = PBXFileReference; lastKnownFileType = sourcecode.swift; path = FloatingTextClass.swift; sourceTree = "<group>"; };
		F46BF48A23D772A4005C29EB /* TestEntClass.swift */ = {isa = PBXFileReference; lastKnownFileType = sourcecode.swift; path = TestEntClass.swift; sourceTree = "<group>"; };
		F46BF48C23D8C9CD005C29EB /* SuffixClass.swift */ = {isa = PBXFileReference; lastKnownFileType = sourcecode.swift; path = SuffixClass.swift; sourceTree = "<group>"; };
		F46BF48E23D8CA31005C29EB /* InventoryInit.swift */ = {isa = PBXFileReference; lastKnownFileType = sourcecode.swift; path = InventoryInit.swift; sourceTree = "<group>"; };
		F46BF49023D9FAA9005C29EB /* MeleeAttackClass.swift */ = {isa = PBXFileReference; lastKnownFileType = sourcecode.swift; path = MeleeAttackClass.swift; sourceTree = "<group>"; };
		F46BF49223DF3974005C29EB /* InventoryColors.swift */ = {isa = PBXFileReference; lastKnownFileType = sourcecode.swift; path = InventoryColors.swift; sourceTree = "<group>"; };
		F46BF49423DF3A01005C29EB /* SuffixEffects.swift */ = {isa = PBXFileReference; lastKnownFileType = sourcecode.swift; path = SuffixEffects.swift; sourceTree = "<group>"; };
		F46BF49623DF4100005C29EB /* BaseInvTypesClass.swift */ = {isa = PBXFileReference; lastKnownFileType = sourcecode.swift; path = BaseInvTypesClass.swift; sourceTree = "<group>"; };
		F482DF02239744050063CF84 /* KunlunArena.app */ = {isa = PBXFileReference; explicitFileType = wrapper.application; includeInIndex = 0; path = KunlunArena.app; sourceTree = BUILT_PRODUCTS_DIR; };
		F482DF05239744050063CF84 /* AppDelegate.swift */ = {isa = PBXFileReference; lastKnownFileType = sourcecode.swift; path = AppDelegate.swift; sourceTree = "<group>"; };
		F482DF07239744050063CF84 /* GameScene.sks */ = {isa = PBXFileReference; lastKnownFileType = file.sks; path = GameScene.sks; sourceTree = "<group>"; };
		F482DF0B239744050063CF84 /* GameScene.swift */ = {isa = PBXFileReference; lastKnownFileType = sourcecode.swift; path = GameScene.swift; sourceTree = "<group>"; };
		F482DF0D239744050063CF84 /* ViewController.swift */ = {isa = PBXFileReference; lastKnownFileType = sourcecode.swift; path = ViewController.swift; sourceTree = "<group>"; };
		F482DF0F239744070063CF84 /* Assets.xcassets */ = {isa = PBXFileReference; lastKnownFileType = folder.assetcatalog; path = Assets.xcassets; sourceTree = "<group>"; };
		F482DF12239744070063CF84 /* Base */ = {isa = PBXFileReference; lastKnownFileType = file.storyboard; name = Base; path = Base.lproj/Main.storyboard; sourceTree = "<group>"; };
		F482DF14239744070063CF84 /* Info.plist */ = {isa = PBXFileReference; lastKnownFileType = text.plist.xml; path = Info.plist; sourceTree = "<group>"; };
		F482DF15239744070063CF84 /* KunlunArena.entitlements */ = {isa = PBXFileReference; lastKnownFileType = text.plist.entitlements; path = KunlunArena.entitlements; sourceTree = "<group>"; };
		F482DF1E239744D50063CF84 /* GameClass.swift */ = {isa = PBXFileReference; lastKnownFileType = sourcecode.swift; path = GameClass.swift; sourceTree = "<group>"; };
		F482DF22239745070063CF84 /* EntityClass.swift */ = {isa = PBXFileReference; lastKnownFileType = sourcecode.swift; path = EntityClass.swift; sourceTree = "<group>"; };
		F482DF25239749550063CF84 /* random.swift */ = {isa = PBXFileReference; fileEncoding = 4; lastKnownFileType = sourcecode.swift; path = random.swift; sourceTree = "<group>"; };
		F497A28423E1D88200E4B248 /* FIreBreathTalentClass.swift */ = {isa = PBXFileReference; lastKnownFileType = sourcecode.swift; path = FIreBreathTalentClass.swift; sourceTree = "<group>"; };
		F497A28623E1D96C00E4B248 /* FireBreathTalentEmitter.sks */ = {isa = PBXFileReference; lastKnownFileType = file.sks; path = FireBreathTalentEmitter.sks; sourceTree = "<group>"; };
		F497A28923E2196900E4B248 /* TalentBranchList.swift */ = {isa = PBXFileReference; lastKnownFileType = sourcecode.swift; path = TalentBranchList.swift; sourceTree = "<group>"; };
		F497A28B23E21D8400E4B248 /* EnemyMeleeClass.swift */ = {isa = PBXFileReference; lastKnownFileType = sourcecode.swift; path = EnemyMeleeClass.swift; sourceTree = "<group>"; };
		F4AC645323982D5A00C64D2E /* BaseInventoryClass.swift */ = {isa = PBXFileReference; lastKnownFileType = sourcecode.swift; path = BaseInventoryClass.swift; sourceTree = "<group>"; };
		F4AC645523982E2200C64D2E /* States.swift */ = {isa = PBXFileReference; lastKnownFileType = sourcecode.swift; path = States.swift; sourceTree = "<group>"; };
		F4AC645E239FF6A500C64D2E /* PlayerTalentClass.swift */ = {isa = PBXFileReference; lastKnownFileType = sourcecode.swift; path = PlayerTalentClass.swift; sourceTree = "<group>"; };
		F4AC6460239FF6B800C64D2E /* EnemySkillClass.swift */ = {isa = PBXFileReference; lastKnownFileType = sourcecode.swift; path = EnemySkillClass.swift; sourceTree = "<group>"; };
		F4AC6462239FF70B00C64D2E /* InventorySlots.swift */ = {isa = PBXFileReference; lastKnownFileType = sourcecode.swift; path = InventorySlots.swift; sourceTree = "<group>"; };
		F4AC6464239FF7A300C64D2E /* PrefixClass.swift */ = {isa = PBXFileReference; lastKnownFileType = sourcecode.swift; path = PrefixClass.swift; sourceTree = "<group>"; };
		F4AC646623A00CDD00C64D2E /* SpecialStatus.swift */ = {isa = PBXFileReference; lastKnownFileType = sourcecode.swift; path = SpecialStatus.swift; sourceTree = "<group>"; };
		F4AC646923A03DF200C64D2E /* FireSplode.sks */ = {isa = PBXFileReference; lastKnownFileType = file.sks; path = FireSplode.sks; sourceTree = "<group>"; };
		F4AC646A23A03DF200C64D2E /* Assets.xcassets */ = {isa = PBXFileReference; lastKnownFileType = folder.assetcatalog; path = Assets.xcassets; sourceTree = "<group>"; };
/* End PBXFileReference section */

/* Begin PBXFrameworksBuildPhase section */
		F482DEFF239744050063CF84 /* Frameworks */ = {
			isa = PBXFrameworksBuildPhase;
			buildActionMask = 2147483647;
			files = (
			);
			runOnlyForDeploymentPostprocessing = 0;
		};
/* End PBXFrameworksBuildPhase section */

/* Begin PBXGroup section */
		F45F4AC723ABE7020020333B /* Level Classes */ = {
			isa = PBXGroup;
			children = (
				F45F4B1B23B64F5B0020333B /* MapClass.swift */,
			);
			path = "Level Classes";
			sourceTree = "<group>";
		};
		F45F4B1623B4404E0020333B /* Init Files */ = {
			isa = PBXGroup;
			children = (
			);
			path = "Init Files";
			sourceTree = "<group>";
		};
		F46BF48723D26484005C29EB /* Special Effects Classes */ = {
			isa = PBXGroup;
			children = (
				F46BF48823D264AB005C29EB /* FloatingTextClass.swift */,
			);
			path = "Special Effects Classes";
			sourceTree = "<group>";
		};
		F482DEF9239744050063CF84 = {
			isa = PBXGroup;
			children = (
				F482DF04239744050063CF84 /* KunlunArena */,
				F482DF03239744050063CF84 /* Products */,
			);
			sourceTree = "<group>";
		};
		F482DF03239744050063CF84 /* Products */ = {
			isa = PBXGroup;
			children = (
				F482DF02239744050063CF84 /* KunlunArena.app */,
			);
			name = Products;
			sourceTree = "<group>";
		};
		F482DF04239744050063CF84 /* KunlunArena */ = {
			isa = PBXGroup;
			children = (
				F482DF15239744070063CF84 /* KunlunArena.entitlements */,
				F4AC645723982E3900C64D2E /* Misc Files */,
				F482DF1B2397445D0063CF84 /* Core Classes */,
				F4AC646823A03DCE00C64D2E /* Emitters */,
				F482DF0B239744050063CF84 /* GameScene.swift */,
				F482DF0F239744070063CF84 /* Assets.xcassets */,
				F482DF14239744070063CF84 /* Info.plist */,
			);
			path = KunlunArena;
			sourceTree = "<group>";
		};
		F482DF1B2397445D0063CF84 /* Core Classes */ = {
			isa = PBXGroup;
			children = (
				F46BF48723D26484005C29EB /* Special Effects Classes */,
				F45F4AC723ABE7020020333B /* Level Classes */,
				F4AC645D239FF68C00C64D2E /* Ability Classes */,
				F45F4B1623B4404E0020333B /* Init Files */,
				F4AC645223982D3C00C64D2E /* Inventory Classes */,
				F482DF242397493C0063CF84 /* Utility Classes */,
				F482DF1D239744830063CF84 /* Creature Classes */,
				F482DF1C239744740063CF84 /* Game Classes */,
			);
			path = "Core Classes";
			sourceTree = "<group>";
		};
		F482DF1C239744740063CF84 /* Game Classes */ = {
			isa = PBXGroup;
			children = (
				F482DF1E239744D50063CF84 /* GameClass.swift */,
				44C697A123DF768B004CCE49 /* PlayerClass.swift */,
				F497A28923E2196900E4B248 /* TalentBranchList.swift */,
			);
			path = "Game Classes";
			sourceTree = "<group>";
		};
		F482DF1D239744830063CF84 /* Creature Classes */ = {
			isa = PBXGroup;
			children = (
				4388593023E3800D0048F4DB /* MonkeyEntClass.swift */,
				F482DF22239745070063CF84 /* EntityClass.swift */,
				F46BF48A23D772A4005C29EB /* TestEntClass.swift */,
				44B8DBB923DA2D30002BA761 /* SnakeEntClass.swift */,
				4346BEC023DA456500F6300D /* dragonEntClass.swift */,
				4351F38B23DB9B6F002A48A9 /* PigEntClass.swift */,
				4454C2E523E2176F00473804 /* DogEntClass.swift */,
			);
			path = "Creature Classes";
			sourceTree = "<group>";
		};
		F482DF242397493C0063CF84 /* Utility Classes */ = {
			isa = PBXGroup;
			children = (
				F482DF25239749550063CF84 /* random.swift */,
				F4AC645523982E2200C64D2E /* States.swift */,
				F45F4AC523ABDD080020333B /* BodyBitMasks.swift */,
			);
			path = "Utility Classes";
			sourceTree = "<group>";
		};
		F497A28823E2026B00E4B248 /* Entity Abilities */ = {
			isa = PBXGroup;
			children = (
				F4AC6460239FF6B800C64D2E /* EnemySkillClass.swift */,
				F497A28B23E21D8400E4B248 /* EnemyMeleeClass.swift */,
			);
			path = "Entity Abilities";
			sourceTree = "<group>";
		};
		F4AC645223982D3C00C64D2E /* Inventory Classes */ = {
			isa = PBXGroup;
			children = (
				F46BF48E23D8CA31005C29EB /* InventoryInit.swift */,
				F4AC645323982D5A00C64D2E /* BaseInventoryClass.swift */,
				F4AC6462239FF70B00C64D2E /* InventorySlots.swift */,
				F4AC6464239FF7A300C64D2E /* PrefixClass.swift */,
				F46BF48C23D8C9CD005C29EB /* SuffixClass.swift */,
				F46BF49223DF3974005C29EB /* InventoryColors.swift */,
				F46BF49423DF3A01005C29EB /* SuffixEffects.swift */,
				F46BF49623DF4100005C29EB /* BaseInvTypesClass.swift */,
			);
			path = "Inventory Classes";
			sourceTree = "<group>";
		};
		F4AC645723982E3900C64D2E /* Misc Files */ = {
			isa = PBXGroup;
			children = (
				F451541A23E314E900B5D04C /* To Do.rtf */,
				F45F4AC823ABE9ED0020333B /* Keyboard Commands.rtf */,
				F4AC645A23983E9900C64D2E /* Other */,
				F4AC645923983E8400C64D2E /* SKS Files */,
				F4AC645823983E7B00C64D2E /* Code */,
			);
			path = "Misc Files";
			sourceTree = "<group>";
		};
		F4AC645823983E7B00C64D2E /* Code */ = {
			isa = PBXGroup;
			children = (
				F482DF05239744050063CF84 /* AppDelegate.swift */,
				F482DF0D239744050063CF84 /* ViewController.swift */,
			);
			path = Code;
			sourceTree = "<group>";
		};
		F4AC645923983E8400C64D2E /* SKS Files */ = {
			isa = PBXGroup;
			children = (
				F482DF07239744050063CF84 /* GameScene.sks */,
			);
			path = "SKS Files";
			sourceTree = "<group>";
		};
		F4AC645A23983E9900C64D2E /* Other */ = {
			isa = PBXGroup;
			children = (
				F482DF11239744070063CF84 /* Main.storyboard */,
			);
			path = Other;
			sourceTree = "<group>";
		};
		F4AC645D239FF68C00C64D2E /* Ability Classes */ = {
			isa = PBXGroup;
			children = (
				F497A28823E2026B00E4B248 /* Entity Abilities */,
				F4AC645E239FF6A500C64D2E /* PlayerTalentClass.swift */,
				F46BF49023D9FAA9005C29EB /* MeleeAttackClass.swift */,
				F4AC646623A00CDD00C64D2E /* SpecialStatus.swift */,
				F45F4ACA23B2A6660020333B /* DashTalentClass.swift */,
				44F62E7323DA451B004C8469 /* SwordsOfLightningTalentClass.swift */,
				F431F07C23DBD16D00EBD905 /* TalentList.swift */,
				4CA2857923DF8BC400A72268 /* GhostDodgeTalent.swift */,
				F497A28423E1D88200E4B248 /* FIreBreathTalentClass.swift */,
				4C45B38D23E22FBF005C778E /* AngerIssuesTalentClass.swift */,
			);
			path = "Ability Classes";
			sourceTree = "<group>";
		};
		F4AC646823A03DCE00C64D2E /* Emitters */ = {
			isa = PBXGroup;
			children = (
				F4AC646923A03DF200C64D2E /* FireSplode.sks */,
				F4AC646A23A03DF200C64D2E /* Assets.xcassets */,
				F45F4B1D23B652ED0020333B /* SmokeBG.sks */,
				4C45B38F23E23160005C778E /* GhostDodgeEmitter.sks */,
				F497A28623E1D96C00E4B248 /* FireBreathTalentEmitter.sks */,
			);
			path = Emitters;
			sourceTree = "<group>";
		};
/* End PBXGroup section */

/* Begin PBXNativeTarget section */
		F482DF01239744050063CF84 /* KunlunArena */ = {
			isa = PBXNativeTarget;
			buildConfigurationList = F482DF18239744070063CF84 /* Build configuration list for PBXNativeTarget "KunlunArena" */;
			buildPhases = (
				F482DEFE239744050063CF84 /* Sources */,
				F482DEFF239744050063CF84 /* Frameworks */,
				F482DF00239744050063CF84 /* Resources */,
			);
			buildRules = (
			);
			dependencies = (
			);
			name = KunlunArena;
			productName = KunlunArena;
			productReference = F482DF02239744050063CF84 /* KunlunArena.app */;
			productType = "com.apple.product-type.application";
		};
/* End PBXNativeTarget section */

/* Begin PBXProject section */
		F482DEFA239744050063CF84 /* Project object */ = {
			isa = PBXProject;
			attributes = {
				LastSwiftUpdateCheck = 1030;
				LastUpgradeCheck = 1030;
				ORGANIZATIONNAME = "LCS Game Design";
				TargetAttributes = {
					F482DF01239744050063CF84 = {
						CreatedOnToolsVersion = 10.3;
					};
				};
			};
			buildConfigurationList = F482DEFD239744050063CF84 /* Build configuration list for PBXProject "KunlunArena" */;
			compatibilityVersion = "Xcode 9.3";
			developmentRegion = en;
			hasScannedForEncodings = 0;
			knownRegions = (
				en,
				Base,
			);
			mainGroup = F482DEF9239744050063CF84;
			productRefGroup = F482DF03239744050063CF84 /* Products */;
			projectDirPath = "";
			projectRoot = "";
			targets = (
				F482DF01239744050063CF84 /* KunlunArena */,
			);
		};
/* End PBXProject section */

/* Begin PBXResourcesBuildPhase section */
		F482DF00239744050063CF84 /* Resources */ = {
			isa = PBXResourcesBuildPhase;
			buildActionMask = 2147483647;
			files = (
				F497A28723E1D96C00E4B248 /* FireBreathTalentEmitter.sks in Resources */,
				F45F4B1E23B652ED0020333B /* SmokeBG.sks in Resources */,
				4C45B39023E23160005C778E /* GhostDodgeEmitter.sks in Resources */,
				F451541B23E314E900B5D04C /* To Do.rtf in Resources */,
				F482DF08239744050063CF84 /* GameScene.sks in Resources */,
				F482DF10239744070063CF84 /* Assets.xcassets in Resources */,
				F4AC646B23A03DF200C64D2E /* FireSplode.sks in Resources */,
				F482DF13239744070063CF84 /* Main.storyboard in Resources */,
				F45F4AC923ABE9ED0020333B /* Keyboard Commands.rtf in Resources */,
				F4AC646C23A03DF200C64D2E /* Assets.xcassets in Resources */,
			);
			runOnlyForDeploymentPostprocessing = 0;
		};
/* End PBXResourcesBuildPhase section */

/* Begin PBXSourcesBuildPhase section */
		F482DEFE239744050063CF84 /* Sources */ = {
			isa = PBXSourcesBuildPhase;
			buildActionMask = 2147483647;
			files = (
				F45F4B1C23B64F5B0020333B /* MapClass.swift in Sources */,
				F482DF26239749550063CF84 /* random.swift in Sources */,
				F482DF0E239744050063CF84 /* ViewController.swift in Sources */,
				F4AC6465239FF7A300C64D2E /* PrefixClass.swift in Sources */,
				F4AC646723A00CDD00C64D2E /* SpecialStatus.swift in Sources */,
				4CA2857A23DF8BC400A72268 /* GhostDodgeTalent.swift in Sources */,
				4C45B38E23E22FBF005C778E /* AngerIssuesTalentClass.swift in Sources */,
				F46BF48F23D8CA31005C29EB /* InventoryInit.swift in Sources */,
				44F62E7423DA451B004C8469 /* SwordsOfLightningTalentClass.swift in Sources */,
				4454C2E623E2176F00473804 /* DogEntClass.swift in Sources */,
				F431F07D23DBD16D00EBD905 /* TalentList.swift in Sources */,
				F4AC645423982D5A00C64D2E /* BaseInventoryClass.swift in Sources */,
				4351F38C23DB9B6F002A48A9 /* PigEntClass.swift in Sources */,
				4388593123E3800D0048F4DB /* MonkeyEntClass.swift in Sources */,
				F482DF0C239744050063CF84 /* GameScene.swift in Sources */,
				F46BF48D23D8C9CD005C29EB /* SuffixClass.swift in Sources */,
				F46BF48B23D772A4005C29EB /* TestEntClass.swift in Sources */,
				F497A28C23E21D8400E4B248 /* EnemyMeleeClass.swift in Sources */,
				F4AC6461239FF6B800C64D2E /* EnemySkillClass.swift in Sources */,
				F482DF1F239744D50063CF84 /* GameClass.swift in Sources */,
				F497A28523E1D88200E4B248 /* FIreBreathTalentClass.swift in Sources */,
				44C697A223DF768B004CCE49 /* PlayerClass.swift in Sources */,
				F46BF49123D9FAA9005C29EB /* MeleeAttackClass.swift in Sources */,
				F482DF23239745070063CF84 /* EntityClass.swift in Sources */,
				F46BF49323DF3974005C29EB /* InventoryColors.swift in Sources */,
				F4AC645623982E2200C64D2E /* States.swift in Sources */,
				F46BF49523DF3A01005C29EB /* SuffixEffects.swift in Sources */,
				F46BF49723DF4100005C29EB /* BaseInvTypesClass.swift in Sources */,
				F45F4AC623ABDD080020333B /* BodyBitMasks.swift in Sources */,
				F482DF06239744050063CF84 /* AppDelegate.swift in Sources */,
				F4AC6463239FF70B00C64D2E /* InventorySlots.swift in Sources */,
				F45F4ACB23B2A6660020333B /* DashTalentClass.swift in Sources */,
				F497A28A23E2196900E4B248 /* TalentBranchList.swift in Sources */,
				F4AC645F239FF6A500C64D2E /* PlayerTalentClass.swift in Sources */,
				44B8DBBA23DA2D30002BA761 /* SnakeEntClass.swift in Sources */,
				F46BF48923D264AB005C29EB /* FloatingTextClass.swift in Sources */,
				4346BEC123DA456500F6300D /* dragonEntClass.swift in Sources */,
			);
			runOnlyForDeploymentPostprocessing = 0;
		};
/* End PBXSourcesBuildPhase section */

/* Begin PBXVariantGroup section */
		F482DF11239744070063CF84 /* Main.storyboard */ = {
			isa = PBXVariantGroup;
			children = (
				F482DF12239744070063CF84 /* Base */,
			);
			name = Main.storyboard;
			sourceTree = "<group>";
		};
/* End PBXVariantGroup section */

/* Begin XCBuildConfiguration section */
		F482DF16239744070063CF84 /* Debug */ = {
			isa = XCBuildConfiguration;
			buildSettings = {
				ALWAYS_SEARCH_USER_PATHS = NO;
				CLANG_ANALYZER_NONNULL = YES;
				CLANG_ANALYZER_NUMBER_OBJECT_CONVERSION = YES_AGGRESSIVE;
				CLANG_CXX_LANGUAGE_STANDARD = "gnu++14";
				CLANG_CXX_LIBRARY = "libc++";
				CLANG_ENABLE_MODULES = YES;
				CLANG_ENABLE_OBJC_ARC = YES;
				CLANG_ENABLE_OBJC_WEAK = YES;
				CLANG_WARN_BLOCK_CAPTURE_AUTORELEASING = YES;
				CLANG_WARN_BOOL_CONVERSION = YES;
				CLANG_WARN_COMMA = YES;
				CLANG_WARN_CONSTANT_CONVERSION = YES;
				CLANG_WARN_DEPRECATED_OBJC_IMPLEMENTATIONS = YES;
				CLANG_WARN_DIRECT_OBJC_ISA_USAGE = YES_ERROR;
				CLANG_WARN_DOCUMENTATION_COMMENTS = YES;
				CLANG_WARN_EMPTY_BODY = YES;
				CLANG_WARN_ENUM_CONVERSION = YES;
				CLANG_WARN_INFINITE_RECURSION = YES;
				CLANG_WARN_INT_CONVERSION = YES;
				CLANG_WARN_NON_LITERAL_NULL_CONVERSION = YES;
				CLANG_WARN_OBJC_IMPLICIT_RETAIN_SELF = YES;
				CLANG_WARN_OBJC_LITERAL_CONVERSION = YES;
				CLANG_WARN_OBJC_ROOT_CLASS = YES_ERROR;
				CLANG_WARN_RANGE_LOOP_ANALYSIS = YES;
				CLANG_WARN_STRICT_PROTOTYPES = YES;
				CLANG_WARN_SUSPICIOUS_MOVE = YES;
				CLANG_WARN_UNGUARDED_AVAILABILITY = YES_AGGRESSIVE;
				CLANG_WARN_UNREACHABLE_CODE = YES;
				CLANG_WARN__DUPLICATE_METHOD_MATCH = YES;
				CODE_SIGN_IDENTITY = "-";
				COPY_PHASE_STRIP = NO;
				DEBUG_INFORMATION_FORMAT = dwarf;
				ENABLE_STRICT_OBJC_MSGSEND = YES;
				ENABLE_TESTABILITY = YES;
				GCC_C_LANGUAGE_STANDARD = gnu11;
				GCC_DYNAMIC_NO_PIC = NO;
				GCC_NO_COMMON_BLOCKS = YES;
				GCC_OPTIMIZATION_LEVEL = 0;
				GCC_PREPROCESSOR_DEFINITIONS = (
					"DEBUG=1",
					"$(inherited)",
				);
				GCC_WARN_64_TO_32_BIT_CONVERSION = YES;
				GCC_WARN_ABOUT_RETURN_TYPE = YES_ERROR;
				GCC_WARN_UNDECLARED_SELECTOR = YES;
				GCC_WARN_UNINITIALIZED_AUTOS = YES_AGGRESSIVE;
				GCC_WARN_UNUSED_FUNCTION = YES;
				GCC_WARN_UNUSED_VARIABLE = YES;
				MACOSX_DEPLOYMENT_TARGET = 10.14;
				MTL_ENABLE_DEBUG_INFO = INCLUDE_SOURCE;
				MTL_FAST_MATH = YES;
				ONLY_ACTIVE_ARCH = YES;
				SDKROOT = macosx;
				SWIFT_ACTIVE_COMPILATION_CONDITIONS = DEBUG;
				SWIFT_OPTIMIZATION_LEVEL = "-Onone";
			};
			name = Debug;
		};
		F482DF17239744070063CF84 /* Release */ = {
			isa = XCBuildConfiguration;
			buildSettings = {
				ALWAYS_SEARCH_USER_PATHS = NO;
				CLANG_ANALYZER_NONNULL = YES;
				CLANG_ANALYZER_NUMBER_OBJECT_CONVERSION = YES_AGGRESSIVE;
				CLANG_CXX_LANGUAGE_STANDARD = "gnu++14";
				CLANG_CXX_LIBRARY = "libc++";
				CLANG_ENABLE_MODULES = YES;
				CLANG_ENABLE_OBJC_ARC = YES;
				CLANG_ENABLE_OBJC_WEAK = YES;
				CLANG_WARN_BLOCK_CAPTURE_AUTORELEASING = YES;
				CLANG_WARN_BOOL_CONVERSION = YES;
				CLANG_WARN_COMMA = YES;
				CLANG_WARN_CONSTANT_CONVERSION = YES;
				CLANG_WARN_DEPRECATED_OBJC_IMPLEMENTATIONS = YES;
				CLANG_WARN_DIRECT_OBJC_ISA_USAGE = YES_ERROR;
				CLANG_WARN_DOCUMENTATION_COMMENTS = YES;
				CLANG_WARN_EMPTY_BODY = YES;
				CLANG_WARN_ENUM_CONVERSION = YES;
				CLANG_WARN_INFINITE_RECURSION = YES;
				CLANG_WARN_INT_CONVERSION = YES;
				CLANG_WARN_NON_LITERAL_NULL_CONVERSION = YES;
				CLANG_WARN_OBJC_IMPLICIT_RETAIN_SELF = YES;
				CLANG_WARN_OBJC_LITERAL_CONVERSION = YES;
				CLANG_WARN_OBJC_ROOT_CLASS = YES_ERROR;
				CLANG_WARN_RANGE_LOOP_ANALYSIS = YES;
				CLANG_WARN_STRICT_PROTOTYPES = YES;
				CLANG_WARN_SUSPICIOUS_MOVE = YES;
				CLANG_WARN_UNGUARDED_AVAILABILITY = YES_AGGRESSIVE;
				CLANG_WARN_UNREACHABLE_CODE = YES;
				CLANG_WARN__DUPLICATE_METHOD_MATCH = YES;
				CODE_SIGN_IDENTITY = "-";
				COPY_PHASE_STRIP = NO;
				DEBUG_INFORMATION_FORMAT = "dwarf-with-dsym";
				ENABLE_NS_ASSERTIONS = NO;
				ENABLE_STRICT_OBJC_MSGSEND = YES;
				GCC_C_LANGUAGE_STANDARD = gnu11;
				GCC_NO_COMMON_BLOCKS = YES;
				GCC_WARN_64_TO_32_BIT_CONVERSION = YES;
				GCC_WARN_ABOUT_RETURN_TYPE = YES_ERROR;
				GCC_WARN_UNDECLARED_SELECTOR = YES;
				GCC_WARN_UNINITIALIZED_AUTOS = YES_AGGRESSIVE;
				GCC_WARN_UNUSED_FUNCTION = YES;
				GCC_WARN_UNUSED_VARIABLE = YES;
				MACOSX_DEPLOYMENT_TARGET = 10.14;
				MTL_ENABLE_DEBUG_INFO = NO;
				MTL_FAST_MATH = YES;
				SDKROOT = macosx;
				SWIFT_COMPILATION_MODE = wholemodule;
				SWIFT_OPTIMIZATION_LEVEL = "-O";
			};
			name = Release;
		};
		F482DF19239744070063CF84 /* Debug */ = {
			isa = XCBuildConfiguration;
			buildSettings = {
				ASSETCATALOG_COMPILER_APPICON_NAME = AppIcon;
				CODE_SIGN_ENTITLEMENTS = KunlunArena/KunlunArena.entitlements;
				CODE_SIGN_STYLE = Automatic;
				COMBINE_HIDPI_IMAGES = YES;
				INFOPLIST_FILE = KunlunArena/Info.plist;
				LD_RUNPATH_SEARCH_PATHS = (
					"$(inherited)",
					"@executable_path/../Frameworks",
				);
				PRODUCT_BUNDLE_IDENTIFIER = LCS.KunlunArena;
				PRODUCT_NAME = "$(TARGET_NAME)";
				SWIFT_VERSION = 5.0;
			};
			name = Debug;
		};
		F482DF1A239744070063CF84 /* Release */ = {
			isa = XCBuildConfiguration;
			buildSettings = {
				ASSETCATALOG_COMPILER_APPICON_NAME = AppIcon;
				CODE_SIGN_ENTITLEMENTS = KunlunArena/KunlunArena.entitlements;
				CODE_SIGN_STYLE = Automatic;
				COMBINE_HIDPI_IMAGES = YES;
				INFOPLIST_FILE = KunlunArena/Info.plist;
				LD_RUNPATH_SEARCH_PATHS = (
					"$(inherited)",
					"@executable_path/../Frameworks",
				);
				PRODUCT_BUNDLE_IDENTIFIER = LCS.KunlunArena;
				PRODUCT_NAME = "$(TARGET_NAME)";
				SWIFT_VERSION = 5.0;
			};
			name = Release;
		};
/* End XCBuildConfiguration section */

/* Begin XCConfigurationList section */
		F482DEFD239744050063CF84 /* Build configuration list for PBXProject "KunlunArena" */ = {
			isa = XCConfigurationList;
			buildConfigurations = (
				F482DF16239744070063CF84 /* Debug */,
				F482DF17239744070063CF84 /* Release */,
			);
			defaultConfigurationIsVisible = 0;
			defaultConfigurationName = Release;
		};
		F482DF18239744070063CF84 /* Build configuration list for PBXNativeTarget "KunlunArena" */ = {
			isa = XCConfigurationList;
			buildConfigurations = (
				F482DF19239744070063CF84 /* Debug */,
				F482DF1A239744070063CF84 /* Release */,
			);
			defaultConfigurationIsVisible = 0;
			defaultConfigurationName = Release;
		};
/* End XCConfigurationList section */
	};
	rootObject = F482DEFA239744050063CF84 /* Project object */;
}
